
Microsoft Visual Studio Solution File, Format Version 12.00
# Visual Studio 15
VisualStudioVersion = 15.0.28307.329
MinimumVisualStudioVersion = 10.0.40219.1
Project("{FAE04EC0-301F-11D3-BF4B-00C04F79EFBC}") = "CloudWatch_LogStream_getting_test", "CloudWatch_LogStream_getting_test\CloudWatch_LogStream_getting_test.csproj", "{E69F783F-5063-4243-9092-45E573D540B7}"
EndProject
Global
	GlobalSection(SolutionConfigurationPlatforms) = preSolution
		Debug|Any CPU = Debug|Any CPU
		Release|Any CPU = Release|Any CPU
	EndGlobalSection
	GlobalSection(ProjectConfigurationPlatforms) = postSolution
		{E69F783F-5063-4243-9092-45E573D540B7}.Debug|Any CPU.ActiveCfg = Debug|Any CPU
		{E69F783F-5063-4243-9092-45E573D540B7}.Debug|Any CPU.Build.0 = Debug|Any CPU
		{E69F783F-5063-4243-9092-45E573D540B7}.Release|Any CPU.ActiveCfg = Release|Any CPU
		{E69F783F-5063-4243-9092-45E573D540B7}.Release|Any CPU.Build.0 = Release|Any CPU
	EndGlobalSection
	GlobalSection(SolutionProperties) = preSolution
		HideSolutionNode = FALSE
	EndGlobalSection
	GlobalSection(ExtensibilityGlobals) = postSolution
		SolutionGuid = {4C183A65-146C-48A5-86AF-0920B301DEFF}
	EndGlobalSection
EndGlobal
